
Microsoft Visual Studio Solution File, Format Version 12.00
# Visual Studio Version 17
VisualStudioVersion = 17.7.34024.191
MinimumVisualStudioVersion = 10.0.40219.1
Project("{8BC9CEB8-8B4A-11D0-8D11-00A0C91BC942}") = "SE_asm2", "SE_asm2\SE_asm2.vcxproj", "{2D986334-ADD8-4138-80E5-9EA717FBD18F}"
EndProject
Project("{8BC9CEB8-8B4A-11D0-8D11-00A0C91BC942}") = "Serealizer", "Serealizer\Serealizer.vcxproj", "{36DF2EBB-10D7-4397-BB41-326148DDF58D}"
EndProject
Project("{8BC9CEB8-8B4A-11D0-8D11-00A0C91BC942}") = "Deserealizer", "Deserealizer\Deserealizer.vcxproj", "{150D0536-DE70-4C27-8ACE-D87E0565AC06}"
EndProject
Global
	GlobalSection(SolutionConfigurationPlatforms) = preSolution
		Debug|x64 = Debug|x64
		Debug|x86 = Debug|x86
		Release|x64 = Release|x64
		Release|x86 = Release|x86
	EndGlobalSection
	GlobalSection(ProjectConfigurationPlatforms) = postSolution
		{2D986334-ADD8-4138-80E5-9EA717FBD18F}.Debug|x64.ActiveCfg = Debug|x64
		{2D986334-ADD8-4138-80E5-9EA717FBD18F}.Debug|x64.Build.0 = Debug|x64
		{2D986334-ADD8-4138-80E5-9EA717FBD18F}.Debug|x86.ActiveCfg = Debug|Win32
		{2D986334-ADD8-4138-80E5-9EA717FBD18F}.Debug|x86.Build.0 = Debug|Win32
		{2D986334-ADD8-4138-80E5-9EA717FBD18F}.Release|x64.ActiveCfg = Release|x64
		{2D986334-ADD8-4138-80E5-9EA717FBD18F}.Release|x64.Build.0 = Release|x64
		{2D986334-ADD8-4138-80E5-9EA717FBD18F}.Release|x86.ActiveCfg = Release|Win32
		{2D986334-ADD8-4138-80E5-9EA717FBD18F}.Release|x86.Build.0 = Release|Win32
		{36DF2EBB-10D7-4397-BB41-326148DDF58D}.Debug|x64.ActiveCfg = Debug|x64
		{36DF2EBB-10D7-4397-BB41-326148DDF58D}.Debug|x64.Build.0 = Debug|x64
		{36DF2EBB-10D7-4397-BB41-326148DDF58D}.Debug|x86.ActiveCfg = Debug|Win32
		{36DF2EBB-10D7-4397-BB41-326148DDF58D}.Debug|x86.Build.0 = Debug|Win32
		{36DF2EBB-10D7-4397-BB41-326148DDF58D}.Release|x64.ActiveCfg = Release|x64
		{36DF2EBB-10D7-4397-BB41-326148DDF58D}.Release|x64.Build.0 = Release|x64
		{36DF2EBB-10D7-4397-BB41-326148DDF58D}.Release|x86.ActiveCfg = Release|Win32
		{36DF2EBB-10D7-4397-BB41-326148DDF58D}.Release|x86.Build.0 = Release|Win32
		{150D0536-DE70-4C27-8ACE-D87E0565AC06}.Debug|x64.ActiveCfg = Debug|x64
		{150D0536-DE70-4C27-8ACE-D87E0565AC06}.Debug|x64.Build.0 = Debug|x64
		{150D0536-DE70-4C27-8ACE-D87E0565AC06}.Debug|x86.ActiveCfg = Debug|Win32
		{150D0536-DE70-4C27-8ACE-D87E0565AC06}.Debug|x86.Build.0 = Debug|Win32
		{150D0536-DE70-4C27-8ACE-D87E0565AC06}.Release|x64.ActiveCfg = Release|x64
		{150D0536-DE70-4C27-8ACE-D87E0565AC06}.Release|x64.Build.0 = Release|x64
		{150D0536-DE70-4C27-8ACE-D87E0565AC06}.Release|x86.ActiveCfg = Release|Win32
		{150D0536-DE70-4C27-8ACE-D87E0565AC06}.Release|x86.Build.0 = Release|Win32
	EndGlobalSection
	GlobalSection(SolutionProperties) = preSolution
		HideSolutionNode = FALSE
	EndGlobalSection
	GlobalSection(ExtensibilityGlobals) = postSolution
		SolutionGuid = {5B15667D-CAB9-4256-90DD-155DE8E0B6E8}
	EndGlobalSection
EndGlobal
